// !$*UTF8*$!
{
	archiveVersion = 1;
	classes = {
	};
	objectVersion = 46;
	objects = {

/* Begin PBXBuildFile section */
		FB30E012CC39DDD78A566A6B /* Assets.xcassets in Resources */ = {isa = PBXBuildFile; fileRef = FB30E3C7AEF5830EBFB3055D /* Assets.xcassets */; };
		FB30E0A13E428064090DC90B /* Colors.swift in Sources */ = {isa = PBXBuildFile; fileRef = FB30E404BE82400EE18EE423 /* Colors.swift */; };
		FB30E34C218C4AEEE573ACC7 /* Main.storyboard in Resources */ = {isa = PBXBuildFile; fileRef = FB30E7048C470A85BD1F7E07 /* Main.storyboard */; };
		FB30E41ABB20BB3F52F5B588 /* SceneDelegate.swift in Sources */ = {isa = PBXBuildFile; fileRef = FB30E86584216E6558577684 /* SceneDelegate.swift */; };
		FB30E497CA940A80A8D88E2B /* TrackerViewController.swift in Sources */ = {isa = PBXBuildFile; fileRef = FB30E73E8A03E49FAAAD6521 /* TrackerViewController.swift */; };
		FB30E5961193A9AD3A48F580 /* ReusableCell+Extension.swift in Sources */ = {isa = PBXBuildFile; fileRef = FB30ED54764A0F72F4E0FE50 /* ReusableCell+Extension.swift */; };
		FB30E60B70B2F2031371E663 /* TrackerMock.swift in Sources */ = {isa = PBXBuildFile; fileRef = FB30E844252721D9B43CE263 /* TrackerMock.swift */; };
		FB30E7493CB5075E57714CC5 /* TrackerViewCell.swift in Sources */ = {isa = PBXBuildFile; fileRef = FB30E94D38C2438C82ADDBC2 /* TrackerViewCell.swift */; };
		FB30E7EBACECA1ADFD6D8253 /* Tracker.swift in Sources */ = {isa = PBXBuildFile; fileRef = FB30EEE814C74E1B05C6062C /* Tracker.swift */; };
		FB30E896E2C466F7504D39B1 /* AppDelegate.swift in Sources */ = {isa = PBXBuildFile; fileRef = FB30EAA9B6CAA47B30BFB694 /* AppDelegate.swift */; };
		FB30E96D280E613001833377 /* TrackerViewModel.swift in Sources */ = {isa = PBXBuildFile; fileRef = FB30EC5AE5CBDB6075B4EF55 /* TrackerViewModel.swift */; };
		FB30EA8B8F73BD6959265AC9 /* StatisticScreenController.swift in Sources */ = {isa = PBXBuildFile; fileRef = FB30E6C44FBD5A7F603DD9C5 /* StatisticScreenController.swift */; };
		FB30ECE294D32171F850B472 /* RootTabBarController.swift in Sources */ = {isa = PBXBuildFile; fileRef = FB30E1F53BD969658FAD3138 /* RootTabBarController.swift */; };
		FB30EE04D8939BFA0EAA9585 /* Images.swift in Sources */ = {isa = PBXBuildFile; fileRef = FB30EBF46A0009E770226565 /* Images.swift */; };
		FB30EFD91BA3AF4BA58D502B /* LaunchScreen.storyboard in Resources */ = {isa = PBXBuildFile; fileRef = FB30E211C810BFAD8F63C70F /* LaunchScreen.storyboard */; };
/* End PBXBuildFile section */

/* Begin PBXFileReference section */
		FB30E17E20169F798D32E6EC /* Base */ = {isa = PBXFileReference; lastKnownFileType = file.storyboard; name = Base; path = Base.lproj/LaunchScreen.storyboard; sourceTree = "<group>"; };
		FB30E1F53BD969658FAD3138 /* RootTabBarController.swift */ = {isa = PBXFileReference; fileEncoding = 4; lastKnownFileType = sourcecode.swift; path = RootTabBarController.swift; sourceTree = "<group>"; };
		FB30E32FEA69974908E8CBF7 /* .gitignore */ = {isa = PBXFileReference; lastKnownFileType = file.gitignore; path = .gitignore; sourceTree = "<group>"; };
		FB30E3C7AEF5830EBFB3055D /* Assets.xcassets */ = {isa = PBXFileReference; lastKnownFileType = folder.assetcatalog; path = Assets.xcassets; sourceTree = "<group>"; };
		FB30E404BE82400EE18EE423 /* Colors.swift */ = {isa = PBXFileReference; fileEncoding = 4; lastKnownFileType = sourcecode.swift; path = Colors.swift; sourceTree = "<group>"; };
		FB30E6C44FBD5A7F603DD9C5 /* StatisticScreenController.swift */ = {isa = PBXFileReference; fileEncoding = 4; lastKnownFileType = sourcecode.swift; path = StatisticScreenController.swift; sourceTree = "<group>"; };
		FB30E6DA3D83123027C73773 /* TrackerPracticum.app */ = {isa = PBXFileReference; explicitFileType = wrapper.application; includeInIndex = 0; path = TrackerPracticum.app; sourceTree = BUILT_PRODUCTS_DIR; };
		FB30E73E8A03E49FAAAD6521 /* TrackerViewController.swift */ = {isa = PBXFileReference; fileEncoding = 4; lastKnownFileType = sourcecode.swift; path = TrackerViewController.swift; sourceTree = "<group>"; };
		FB30E844252721D9B43CE263 /* TrackerMock.swift */ = {isa = PBXFileReference; fileEncoding = 4; lastKnownFileType = sourcecode.swift; path = TrackerMock.swift; sourceTree = "<group>"; };
		FB30E86584216E6558577684 /* SceneDelegate.swift */ = {isa = PBXFileReference; lastKnownFileType = sourcecode.swift; path = SceneDelegate.swift; sourceTree = "<group>"; };
		FB30E94D38C2438C82ADDBC2 /* TrackerViewCell.swift */ = {isa = PBXFileReference; fileEncoding = 4; lastKnownFileType = sourcecode.swift; path = TrackerViewCell.swift; sourceTree = "<group>"; };
		FB30E9E586E6BBE27EA682F5 /* Base */ = {isa = PBXFileReference; lastKnownFileType = file.storyboard; name = Base; path = Base.lproj/Main.storyboard; sourceTree = "<group>"; };
		FB30EAA9B6CAA47B30BFB694 /* AppDelegate.swift */ = {isa = PBXFileReference; lastKnownFileType = sourcecode.swift; path = AppDelegate.swift; sourceTree = "<group>"; };
		FB30EBF46A0009E770226565 /* Images.swift */ = {isa = PBXFileReference; fileEncoding = 4; lastKnownFileType = sourcecode.swift; path = Images.swift; sourceTree = "<group>"; };
		FB30EC5AE5CBDB6075B4EF55 /* TrackerViewModel.swift */ = {isa = PBXFileReference; fileEncoding = 4; lastKnownFileType = sourcecode.swift; path = TrackerViewModel.swift; sourceTree = "<group>"; };
		FB30ED54764A0F72F4E0FE50 /* ReusableCell+Extension.swift */ = {isa = PBXFileReference; fileEncoding = 4; lastKnownFileType = sourcecode.swift; path = "ReusableCell+Extension.swift"; sourceTree = "<group>"; };
		FB30EE0037F0E0B0B2251894 /* Info.plist */ = {isa = PBXFileReference; lastKnownFileType = text.plist.info; path = Info.plist; sourceTree = "<group>"; };
		FB30EEE814C74E1B05C6062C /* Tracker.swift */ = {isa = PBXFileReference; fileEncoding = 4; lastKnownFileType = sourcecode.swift; path = Tracker.swift; sourceTree = "<group>"; };
/* End PBXFileReference section */

/* Begin PBXFrameworksBuildPhase section */
		FB30EBC2B6E77763C0F0113E /* Frameworks */ = {
			isa = PBXFrameworksBuildPhase;
			buildActionMask = 2147483647;
			files = (
			);
			runOnlyForDeploymentPostprocessing = 0;
		};
/* End PBXFrameworksBuildPhase section */

/* Begin PBXGroup section */
		FB30E1FF7492C57CD1993CAE /* Trackers */ = {
			isa = PBXGroup;
			children = (
				FB30E73E8A03E49FAAAD6521 /* TrackerViewController.swift */,
				FB30E94D38C2438C82ADDBC2 /* TrackerViewCell.swift */,
				FB30EC5AE5CBDB6075B4EF55 /* TrackerViewModel.swift */,
			);
			path = Trackers;
			sourceTree = "<group>";
		};
		FB30E44593A1ACD860B0ADF9 /* Products */ = {
			isa = PBXGroup;
			children = (
				FB30E6DA3D83123027C73773 /* TrackerPracticum.app */,
			);
			name = Products;
			sourceTree = "<group>";
		};
		FB30E499F568E64DF3A443FA /* Recources */ = {
			isa = PBXGroup;
			children = (
				FB30E844252721D9B43CE263 /* TrackerMock.swift */,
				FB30EBF46A0009E770226565 /* Images.swift */,
				FB30E404BE82400EE18EE423 /* Colors.swift */,
			);
			path = Recources;
			sourceTree = "<group>";
		};
		FB30E7F4CA7AD13946E3DC34 /* Statistic */ = {
			isa = PBXGroup;
			children = (
				FB30E6C44FBD5A7F603DD9C5 /* StatisticScreenController.swift */,
			);
			path = Statistic;
			sourceTree = "<group>";
		};
		FB30E96EB75BDED4E07EBF7D /* TrackerPracticum */ = {
			isa = PBXGroup;
			children = (
				FB30E3C7AEF5830EBFB3055D /* Assets.xcassets */,
				FB30EAA9B6CAA47B30BFB694 /* AppDelegate.swift */,
				FB30E211C810BFAD8F63C70F /* LaunchScreen.storyboard */,
				FB30EE0037F0E0B0B2251894 /* Info.plist */,
				FB30E86584216E6558577684 /* SceneDelegate.swift */,
				FB30E7048C470A85BD1F7E07 /* Main.storyboard */,
				FB30E1FF7492C57CD1993CAE /* Trackers */,
				FB30E1F53BD969658FAD3138 /* RootTabBarController.swift */,
				FB30E7F4CA7AD13946E3DC34 /* Statistic */,
				FB30EDD87D497AC16D7EBDBF /* Models */,
				FB30E499F568E64DF3A443FA /* Recources */,
				FB30EAE202839BD9C8D1DACF /* Foundation */,
			);
			path = TrackerPracticum;
			sourceTree = "<group>";
		};
		FB30EAE202839BD9C8D1DACF /* Foundation */ = {
			isa = PBXGroup;
			children = (
				FB30ED54764A0F72F4E0FE50 /* ReusableCell+Extension.swift */,
			);
			path = Foundation;
			sourceTree = "<group>";
		};
		FB30ED1C42AEDA17FC0F43BE = {
			isa = PBXGroup;
			children = (
				FB30E44593A1ACD860B0ADF9 /* Products */,
				FB30E96EB75BDED4E07EBF7D /* TrackerPracticum */,
				FB30E32FEA69974908E8CBF7 /* .gitignore */,
			);
			sourceTree = "<group>";
		};
		FB30EDD87D497AC16D7EBDBF /* Models */ = {
			isa = PBXGroup;
			children = (
				FB30EEE814C74E1B05C6062C /* Tracker.swift */,
			);
			path = Models;
			sourceTree = "<group>";
		};
/* End PBXGroup section */

/* Begin PBXNativeTarget section */
		FB30E78B71D3656C592E269E /* TrackerPracticum */ = {
			isa = PBXNativeTarget;
			buildConfigurationList = FB30E0A0F2F3CF9408D017F2 /* Build configuration list for PBXNativeTarget "TrackerPracticum" */;
			buildPhases = (
				FB30E1EE527622F788903670 /* Sources */,
				FB30EBC2B6E77763C0F0113E /* Frameworks */,
				FB30EE939BEF3D906F9C8BEF /* Resources */,
			);
			buildRules = (
			);
			dependencies = (
			);
			name = TrackerPracticum;
			productName = TrackerPracticum;
			productReference = FB30E6DA3D83123027C73773 /* TrackerPracticum.app */;
			productType = "com.apple.product-type.application";
		};
/* End PBXNativeTarget section */

/* Begin PBXProject section */
		FB30E5DE65BE94DBF70208AE /* Project object */ = {
			isa = PBXProject;
			attributes = {
			};
			buildConfigurationList = FB30EB5B7B6A507DDECAF89F /* Build configuration list for PBXProject "TrackerPracticum" */;
			compatibilityVersion = "Xcode 3.2";
			developmentRegion = English;
			hasScannedForEncodings = 0;
			knownRegions = (
				English,
				en,
				Base,
			);
			mainGroup = FB30ED1C42AEDA17FC0F43BE;
			productRefGroup = FB30E44593A1ACD860B0ADF9 /* Products */;
			projectDirPath = "";
			projectRoot = "";
			targets = (
				FB30E78B71D3656C592E269E /* TrackerPracticum */,
			);
		};
/* End PBXProject section */

/* Begin PBXResourcesBuildPhase section */
		FB30EE939BEF3D906F9C8BEF /* Resources */ = {
			isa = PBXResourcesBuildPhase;
			buildActionMask = 2147483647;
			files = (
				FB30E012CC39DDD78A566A6B /* Assets.xcassets in Resources */,
				FB30EFD91BA3AF4BA58D502B /* LaunchScreen.storyboard in Resources */,
				FB30E34C218C4AEEE573ACC7 /* Main.storyboard in Resources */,
			);
			runOnlyForDeploymentPostprocessing = 0;
		};
/* End PBXResourcesBuildPhase section */

/* Begin PBXSourcesBuildPhase section */
		FB30E1EE527622F788903670 /* Sources */ = {
			isa = PBXSourcesBuildPhase;
			buildActionMask = 2147483647;
			files = (
				FB30E896E2C466F7504D39B1 /* AppDelegate.swift in Sources */,
				FB30E41ABB20BB3F52F5B588 /* SceneDelegate.swift in Sources */,
				FB30ECE294D32171F850B472 /* RootTabBarController.swift in Sources */,
				FB30E497CA940A80A8D88E2B /* TrackerViewController.swift in Sources */,
				FB30EA8B8F73BD6959265AC9 /* StatisticScreenController.swift in Sources */,
				FB30E7493CB5075E57714CC5 /* TrackerViewCell.swift in Sources */,
				FB30E7EBACECA1ADFD6D8253 /* Tracker.swift in Sources */,
				FB30E60B70B2F2031371E663 /* TrackerMock.swift in Sources */,
				FB30E96D280E613001833377 /* TrackerViewModel.swift in Sources */,
				FB30E5961193A9AD3A48F580 /* ReusableCell+Extension.swift in Sources */,
				FB30EE04D8939BFA0EAA9585 /* Images.swift in Sources */,
				FB30E0A13E428064090DC90B /* Colors.swift in Sources */,
			);
			runOnlyForDeploymentPostprocessing = 0;
		};
/* End PBXSourcesBuildPhase section */

/* Begin PBXVariantGroup section */
		FB30E211C810BFAD8F63C70F /* LaunchScreen.storyboard */ = {
			isa = PBXVariantGroup;
			children = (
				FB30E17E20169F798D32E6EC /* Base */,
			);
			name = LaunchScreen.storyboard;
			sourceTree = "<group>";
		};
		FB30E7048C470A85BD1F7E07 /* Main.storyboard */ = {
			isa = PBXVariantGroup;
			children = (
				FB30E9E586E6BBE27EA682F5 /* Base */,
			);
			name = Main.storyboard;
			sourceTree = "<group>";
		};
/* End PBXVariantGroup section */

/* Begin XCBuildConfiguration section */
		FB30E40559FC2025BCD09FC9 /* Release */ = {
			isa = XCBuildConfiguration;
			buildSettings = {
				ASSETCATALOG_COMPILER_APPICON_NAME = AppIcon;
				ASSETCATALOG_COMPILER_GLOBAL_ACCENT_COLOR_NAME = AccentColor;
				CURRENT_PROJECT_VERSION = 1;
				GENERATE_INFOPLIST_FILE = YES;
				INFOPLIST_FILE = TrackerPracticum/Info.plist;
				INFOPLIST_KEY_UIApplicationSupportsIndirectInputEvents = YES;
				INFOPLIST_KEY_UILaunchStoryboardName = LaunchScreen;
				INFOPLIST_KEY_UIMainStoryboardFile = Main;
				INFOPLIST_KEY_UISupportedInterfaceOrientations_iPad = "UIInterfaceOrientationPortrait UIInterfaceOrientationPortraitUpsideDown UIInterfaceOrientationLandscapeLeft UIInterfaceOrientationLandscapeRight";
				INFOPLIST_KEY_UISupportedInterfaceOrientations_iPhone = "UIInterfaceOrientationPortrait UIInterfaceOrientationLandscapeLeft UIInterfaceOrientationLandscapeRight";
				LD_RUNPATH_SEARCH_PATHS = "$(inherited) @executable_path/Frameworks";
				MARKETING_VERSION = 1.0;
				PRODUCT_BUNDLE_IDENTIFIER = team.appto.TrackerPracticum;
				PRODUCT_NAME = "$(TARGET_NAME)";
				SWIFT_EMIT_LOC_STRINGS = YES;
				SWIFT_VERSION = 5.0;
				TARGETED_DEVICE_FAMILY = "1,2";
			};
			name = Release;
		};
		FB30E6149477ADBA0CCFF0A8 /* Release */ = {
			isa = XCBuildConfiguration;
			buildSettings = {
				ALWAYS_SEARCH_USER_PATHS = NO;
				CLANG_ANALYZER_NONNULL = YES;
				CLANG_ANALYZER_NUMBER_OBJECT_CONVERSION = YES_AGGRESSIVE;
				CLANG_CXX_LANGUAGE_STANDARD = "gnu++20";
				CLANG_ENABLE_MODULES = YES;
				CLANG_ENABLE_OBJC_ARC = YES;
				CLANG_ENABLE_OBJC_WEAK = YES;
				CLANG_WARN_BLOCK_CAPTURE_AUTORELEASING = YES;
				CLANG_WARN_BOOL_CONVERSION = YES;
				CLANG_WARN_COMMA = YES;
				CLANG_WARN_CONSTANT_CONVERSION = YES;
				CLANG_WARN_DEPRECATED_OBJC_IMPLEMENTATIONS = YES;
				CLANG_WARN_DIRECT_OBJC_ISA_USAGE = YES_ERROR;
				CLANG_WARN_DOCUMENTATION_COMMENTS = YES;
				CLANG_WARN_EMPTY_BODY = YES;
				CLANG_WARN_ENUM_CONVERSION = YES;
				CLANG_WARN_INFINITE_RECURSION = YES;
				CLANG_WARN_INT_CONVERSION = YES;
				CLANG_WARN_NON_LITERAL_NULL_CONVERSION = YES;
				CLANG_WARN_OBJC_IMPLICIT_RETAIN_SELF = YES;
				CLANG_WARN_OBJC_LITERAL_CONVERSION = YES;
				CLANG_WARN_OBJC_ROOT_CLASS = YES_ERROR;
				CLANG_WARN_QUOTED_INCLUDE_IN_FRAMEWORK_HEADER = YES;
				CLANG_WARN_RANGE_LOOP_ANALYSIS = YES;
				CLANG_WARN_STRICT_PROTOTYPES = YES;
				CLANG_WARN_SUSPICIOUS_MOVE = YES;
				CLANG_WARN_UNGUARDED_AVAILABILITY = YES_AGGRESSIVE;
				CLANG_WARN_UNREACHABLE_CODE = YES;
				CLANG_WARN__DUPLICATE_METHOD_MATCH = YES;
				COPY_PHASE_STRIP = NO;
				DEBUG_INFORMATION_FORMAT = "dwarf-with-dsym";
				ENABLE_NS_ASSERTIONS = NO;
				ENABLE_STRICT_OBJC_MSGSEND = YES;
				GCC_C_LANGUAGE_STANDARD = gnu11;
				GCC_NO_COMMON_BLOCKS = YES;
				GCC_WARN_64_TO_32_BIT_CONVERSION = YES;
				GCC_WARN_ABOUT_RETURN_TYPE = YES_ERROR;
				GCC_WARN_UNDECLARED_SELECTOR = YES;
				GCC_WARN_UNINITIALIZED_AUTOS = YES_AGGRESSIVE;
				GCC_WARN_UNUSED_FUNCTION = YES;
				GCC_WARN_UNUSED_VARIABLE = YES;
				IPHONEOS_DEPLOYMENT_TARGET = 16.4;
				MTL_ENABLE_DEBUG_INFO = NO;
				MTL_FAST_MATH = YES;
				SDKROOT = iphoneos;
				SWIFT_OPTIMIZATION_LEVEL = "-Owholemodule";
				VALIDATE_PRODUCT = YES;
			};
			name = Release;
		};
		FB30E8B511D38DC143722BF3 /* Debug */ = {
			isa = XCBuildConfiguration;
			buildSettings = {
				ASSETCATALOG_COMPILER_APPICON_NAME = AppIcon;
				ASSETCATALOG_COMPILER_GLOBAL_ACCENT_COLOR_NAME = AccentColor;
				CURRENT_PROJECT_VERSION = 1;
				GENERATE_INFOPLIST_FILE = YES;
				INFOPLIST_FILE = TrackerPracticum/Info.plist;
				INFOPLIST_KEY_UIApplicationSupportsIndirectInputEvents = YES;
				INFOPLIST_KEY_UILaunchStoryboardName = LaunchScreen;
				INFOPLIST_KEY_UIMainStoryboardFile = Main;
				INFOPLIST_KEY_UISupportedInterfaceOrientations_iPad = "UIInterfaceOrientationPortrait UIInterfaceOrientationPortraitUpsideDown UIInterfaceOrientationLandscapeLeft UIInterfaceOrientationLandscapeRight";
				INFOPLIST_KEY_UISupportedInterfaceOrientations_iPhone = "UIInterfaceOrientationPortrait UIInterfaceOrientationLandscapeLeft UIInterfaceOrientationLandscapeRight";
				LD_RUNPATH_SEARCH_PATHS = "$(inherited) @executable_path/Frameworks";
				MARKETING_VERSION = 1.0;
				PRODUCT_BUNDLE_IDENTIFIER = team.appto.TrackerPracticum;
				PRODUCT_NAME = "$(TARGET_NAME)";
				SWIFT_EMIT_LOC_STRINGS = YES;
				SWIFT_VERSION = 5.0;
				TARGETED_DEVICE_FAMILY = "1,2";
			};
			name = Debug;
		};
		FB30ECFC167DDD134D682876 /* Debug */ = {
			isa = XCBuildConfiguration;
			buildSettings = {
				ALWAYS_SEARCH_USER_PATHS = NO;
				CLANG_ANALYZER_NONNULL = YES;
				CLANG_ANALYZER_NUMBER_OBJECT_CONVERSION = YES_AGGRESSIVE;
				CLANG_CXX_LANGUAGE_STANDARD = "gnu++20";
				CLANG_ENABLE_MODULES = YES;
				CLANG_ENABLE_OBJC_ARC = YES;
				CLANG_ENABLE_OBJC_WEAK = YES;
				CLANG_WARN_BLOCK_CAPTURE_AUTORELEASING = YES;
				CLANG_WARN_BOOL_CONVERSION = YES;
				CLANG_WARN_COMMA = YES;
				CLANG_WARN_CONSTANT_CONVERSION = YES;
				CLANG_WARN_DEPRECATED_OBJC_IMPLEMENTATIONS = YES;
				CLANG_WARN_DIRECT_OBJC_ISA_USAGE = YES_ERROR;
				CLANG_WARN_DOCUMENTATION_COMMENTS = YES;
				CLANG_WARN_EMPTY_BODY = YES;
				CLANG_WARN_ENUM_CONVERSION = YES;
				CLANG_WARN_INFINITE_RECURSION = YES;
				CLANG_WARN_INT_CONVERSION = YES;
				CLANG_WARN_NON_LITERAL_NULL_CONVERSION = YES;
				CLANG_WARN_OBJC_IMPLICIT_RETAIN_SELF = YES;
				CLANG_WARN_OBJC_LITERAL_CONVERSION = YES;
				CLANG_WARN_OBJC_ROOT_CLASS = YES_ERROR;
				CLANG_WARN_QUOTED_INCLUDE_IN_FRAMEWORK_HEADER = YES;
				CLANG_WARN_RANGE_LOOP_ANALYSIS = YES;
				CLANG_WARN_STRICT_PROTOTYPES = YES;
				CLANG_WARN_SUSPICIOUS_MOVE = YES;
				CLANG_WARN_UNGUARDED_AVAILABILITY = YES_AGGRESSIVE;
				CLANG_WARN_UNREACHABLE_CODE = YES;
				CLANG_WARN__DUPLICATE_METHOD_MATCH = YES;
				COPY_PHASE_STRIP = NO;
				DEBUG_INFORMATION_FORMAT = dwarf;
				ENABLE_STRICT_OBJC_MSGSEND = YES;
				ENABLE_TESTABILITY = YES;
				GCC_C_LANGUAGE_STANDARD = gnu11;
				GCC_DYNAMIC_NO_PIC = NO;
				GCC_NO_COMMON_BLOCKS = YES;
				GCC_OPTIMIZATION_LEVEL = 0;
				GCC_PREPROCESSOR_DEFINITIONS = (
					"DEBUG=1",
					"$(inherited)",
				);
				GCC_WARN_64_TO_32_BIT_CONVERSION = YES;
				GCC_WARN_ABOUT_RETURN_TYPE = YES_ERROR;
				GCC_WARN_UNDECLARED_SELECTOR = YES;
				GCC_WARN_UNINITIALIZED_AUTOS = YES_AGGRESSIVE;
				GCC_WARN_UNUSED_FUNCTION = YES;
				GCC_WARN_UNUSED_VARIABLE = YES;
				IPHONEOS_DEPLOYMENT_TARGET = 16.4;
				MTL_ENABLE_DEBUG_INFO = INCLUDE_SOURCE;
				MTL_FAST_MATH = YES;
				ONLY_ACTIVE_ARCH = YES;
				SDKROOT = iphoneos;
				SWIFT_ACTIVE_COMPILATION_CONDITIONS = DEBUG;
				SWIFT_OPTIMIZATION_LEVEL = "-Onone";
			};
			name = Debug;
		};
/* End XCBuildConfiguration section */

/* Begin XCConfigurationList section */
		FB30E0A0F2F3CF9408D017F2 /* Build configuration list for PBXNativeTarget "TrackerPracticum" */ = {
			isa = XCConfigurationList;
			buildConfigurations = (
				FB30E8B511D38DC143722BF3 /* Debug */,
				FB30E40559FC2025BCD09FC9 /* Release */,
			);
			defaultConfigurationIsVisible = 0;
			defaultConfigurationName = Release;
		};
		FB30EB5B7B6A507DDECAF89F /* Build configuration list for PBXProject "TrackerPracticum" */ = {
			isa = XCConfigurationList;
			buildConfigurations = (
				FB30ECFC167DDD134D682876 /* Debug */,
				FB30E6149477ADBA0CCFF0A8 /* Release */,
			);
			defaultConfigurationIsVisible = 0;
			defaultConfigurationName = Release;
		};
/* End XCConfigurationList section */
	};
	rootObject = FB30E5DE65BE94DBF70208AE /* Project object */;
}
